
Microsoft Visual Studio Solution File, Format Version 12.00
# Visual Studio 14
VisualStudioVersion = 14.0.24720.0
MinimumVisualStudioVersion = 10.0.40219.1
Project("{FAE04EC0-301F-11D3-BF4B-00C04F79EFBC}") = "LibraryMVC", "LibraryMVC\LibraryMVC.csproj", "{FA7FD844-9F0F-40C0-B95E-5ED322776785}"
EndProject
Project("{FAE04EC0-301F-11D3-BF4B-00C04F79EFBC}") = "LibraryMVC.Tests", "LibraryMVC.Tests\LibraryMVC.Tests.csproj", "{F1D894ED-FCF3-4BCD-BA5E-2E23C1F40B2E}"
EndProject
Global
	GlobalSection(SolutionConfigurationPlatforms) = preSolution
		Debug|Any CPU = Debug|Any CPU
		Release|Any CPU = Release|Any CPU
	EndGlobalSection
	GlobalSection(ProjectConfigurationPlatforms) = postSolution
		{FA7FD844-9F0F-40C0-B95E-5ED322776785}.Debug|Any CPU.ActiveCfg = Debug|Any CPU
		{FA7FD844-9F0F-40C0-B95E-5ED322776785}.Debug|Any CPU.Build.0 = Debug|Any CPU
		{FA7FD844-9F0F-40C0-B95E-5ED322776785}.Release|Any CPU.ActiveCfg = Release|Any CPU
		{FA7FD844-9F0F-40C0-B95E-5ED322776785}.Release|Any CPU.Build.0 = Release|Any CPU
		{F1D894ED-FCF3-4BCD-BA5E-2E23C1F40B2E}.Debug|Any CPU.ActiveCfg = Debug|Any CPU
		{F1D894ED-FCF3-4BCD-BA5E-2E23C1F40B2E}.Debug|Any CPU.Build.0 = Debug|Any CPU
		{F1D894ED-FCF3-4BCD-BA5E-2E23C1F40B2E}.Release|Any CPU.ActiveCfg = Release|Any CPU
		{F1D894ED-FCF3-4BCD-BA5E-2E23C1F40B2E}.Release|Any CPU.Build.0 = Release|Any CPU
	EndGlobalSection
	GlobalSection(SolutionProperties) = preSolution
		HideSolutionNode = FALSE
	EndGlobalSection
EndGlobal
